
Microsoft Visual Studio Solution File, Format Version 12.00
# Visual Studio Version 17
VisualStudioVersion = 17.4.33110.190
MinimumVisualStudioVersion = 10.0.40219.1
Project("{9A19103F-16F7-4668-BE54-9A1E7A4F7556}") = "PokemonReviewApp", "PokemonReviewApp\PokemonReviewApp.csproj", "{80CF9C64-3B41-44F0-9F7A-925801EC6F06}"
EndProject
Global
	GlobalSection(SolutionConfigurationPlatforms) = preSolution
		Debug|Any CPU = Debug|Any CPU
		Release|Any CPU = Release|Any CPU
	EndGlobalSection
	GlobalSection(ProjectConfigurationPlatforms) = postSolution
		{80CF9C64-3B41-44F0-9F7A-925801EC6F06}.Debug|Any CPU.ActiveCfg = Debug|Any CPU
		{80CF9C64-3B41-44F0-9F7A-925801EC6F06}.Debug|Any CPU.Build.0 = Debug|Any CPU
		{80CF9C64-3B41-44F0-9F7A-925801EC6F06}.Release|Any CPU.ActiveCfg = Release|Any CPU
		{80CF9C64-3B41-44F0-9F7A-925801EC6F06}.Release|Any CPU.Build.0 = Release|Any CPU
	EndGlobalSection
	GlobalSection(SolutionProperties) = preSolution
		HideSolutionNode = FALSE
	EndGlobalSection
	GlobalSection(ExtensibilityGlobals) = postSolution
		SolutionGuid = {820D4B73-95D5-467C-B638-F85C232FEA82}
	EndGlobalSection
EndGlobal
